
Microsoft Visual Studio Solution File, Format Version 12.00
# Visual Studio Version 16
VisualStudioVersion = 16.0.29424.173
MinimumVisualStudioVersion = 10.0.40219.1
Project("{2150E333-8FDC-42A3-9474-1A3956D46DE8}") = "Solution Items", "Solution Items", "{E95CDFFA-F549-4CCB-9BA0-A5591068BD40}"
	ProjectSection(SolutionItems) = preProject
		LICENSE.txt = LICENSE.txt
		README.md = README.md
	EndProjectSection
EndProject
Project("{9A19103F-16F7-4668-BE54-9A1E7A4F7556}") = "Pericia.Storage.Azure", "Pericia.Storage.Azure\Pericia.Storage.Azure.csproj", "{A04C490F-F926-423D-97DE-687DACAB819A}"
EndProject
Project("{9A19103F-16F7-4668-BE54-9A1E7A4F7556}") = "Pericia.Storage.Core", "Pericia.Storage.Core\Pericia.Storage.Core.csproj", "{E1DA4274-C521-40F3-A375-B5350E3E6E2C}"
EndProject
Project("{9A19103F-16F7-4668-BE54-9A1E7A4F7556}") = "Pericia.Storage.FileSystem", "Pericia.Storage.FileSystem\Pericia.Storage.FileSystem.csproj", "{64647C2F-332E-47FC-A9E1-0EFC629E274F}"
EndProject
Project("{9A19103F-16F7-4668-BE54-9A1E7A4F7556}") = "Pericia.Storage.Tests", "Pericia.Storage.Tests\Pericia.Storage.Tests.csproj", "{D76FA0A6-1DAC-4C98-A5FA-4A2BAE33B6F3}"
EndProject
Project("{9A19103F-16F7-4668-BE54-9A1E7A4F7556}") = "Pericia.Storage.OpenStack", "Pericia.Storage.OpenStack\Pericia.Storage.OpenStack.csproj", "{9602D7B8-3F05-46E5-B99B-1452D6C3B9C5}"
EndProject
Project("{9A19103F-16F7-4668-BE54-9A1E7A4F7556}") = "Pericia.Storage.Aws", "Pericia.Storage.Aws\Pericia.Storage.Aws.csproj", "{42BE97AC-4335-4168-9E7C-3921B4B839F2}"
EndProject
Project("{9A19103F-16F7-4668-BE54-9A1E7A4F7556}") = "Pericia.Storage.CacheStorage", "Pericia.Storage.CacheStorage\Pericia.Storage.CacheStorage.csproj", "{7A7F71BF-D1E6-4E36-9C01-4416E090F750}"
EndProject
Project("{FAE04EC0-301F-11D3-BF4B-00C04F79EFBC}") = "Pericia.Storage.InMemory", "Pericia.Storage.InMemory\Pericia.Storage.InMemory.csproj", "{0DBA2028-3340-4370-B6E2-3ABFF00D07A7}"
EndProject
Global
	GlobalSection(SolutionConfigurationPlatforms) = preSolution
		Debug|Any CPU = Debug|Any CPU
		Release|Any CPU = Release|Any CPU
	EndGlobalSection
	GlobalSection(ProjectConfigurationPlatforms) = postSolution
		{A04C490F-F926-423D-97DE-687DACAB819A}.Debug|Any CPU.ActiveCfg = Debug|Any CPU
		{A04C490F-F926-423D-97DE-687DACAB819A}.Debug|Any CPU.Build.0 = Debug|Any CPU
		{A04C490F-F926-423D-97DE-687DACAB819A}.Release|Any CPU.ActiveCfg = Release|Any CPU
		{A04C490F-F926-423D-97DE-687DACAB819A}.Release|Any CPU.Build.0 = Release|Any CPU
		{E1DA4274-C521-40F3-A375-B5350E3E6E2C}.Debug|Any CPU.ActiveCfg = Debug|Any CPU
		{E1DA4274-C521-40F3-A375-B5350E3E6E2C}.Debug|Any CPU.Build.0 = Debug|Any CPU
		{E1DA4274-C521-40F3-A375-B5350E3E6E2C}.Release|Any CPU.ActiveCfg = Release|Any CPU
		{E1DA4274-C521-40F3-A375-B5350E3E6E2C}.Release|Any CPU.Build.0 = Release|Any CPU
		{64647C2F-332E-47FC-A9E1-0EFC629E274F}.Debug|Any CPU.ActiveCfg = Debug|Any CPU
		{64647C2F-332E-47FC-A9E1-0EFC629E274F}.Debug|Any CPU.Build.0 = Debug|Any CPU
		{64647C2F-332E-47FC-A9E1-0EFC629E274F}.Release|Any CPU.ActiveCfg = Release|Any CPU
		{64647C2F-332E-47FC-A9E1-0EFC629E274F}.Release|Any CPU.Build.0 = Release|Any CPU
		{D76FA0A6-1DAC-4C98-A5FA-4A2BAE33B6F3}.Debug|Any CPU.ActiveCfg = Debug|Any CPU
		{D76FA0A6-1DAC-4C98-A5FA-4A2BAE33B6F3}.Debug|Any CPU.Build.0 = Debug|Any CPU
		{D76FA0A6-1DAC-4C98-A5FA-4A2BAE33B6F3}.Release|Any CPU.ActiveCfg = Release|Any CPU
		{D76FA0A6-1DAC-4C98-A5FA-4A2BAE33B6F3}.Release|Any CPU.Build.0 = Release|Any CPU
		{9602D7B8-3F05-46E5-B99B-1452D6C3B9C5}.Debug|Any CPU.ActiveCfg = Debug|Any CPU
		{9602D7B8-3F05-46E5-B99B-1452D6C3B9C5}.Debug|Any CPU.Build.0 = Debug|Any CPU
		{9602D7B8-3F05-46E5-B99B-1452D6C3B9C5}.Release|Any CPU.ActiveCfg = Release|Any CPU
		{9602D7B8-3F05-46E5-B99B-1452D6C3B9C5}.Release|Any CPU.Build.0 = Release|Any CPU
		{42BE97AC-4335-4168-9E7C-3921B4B839F2}.Debug|Any CPU.ActiveCfg = Debug|Any CPU
		{42BE97AC-4335-4168-9E7C-3921B4B839F2}.Debug|Any CPU.Build.0 = Debug|Any CPU
		{42BE97AC-4335-4168-9E7C-3921B4B839F2}.Release|Any CPU.ActiveCfg = Release|Any CPU
		{42BE97AC-4335-4168-9E7C-3921B4B839F2}.Release|Any CPU.Build.0 = Release|Any CPU
		{7A7F71BF-D1E6-4E36-9C01-4416E090F750}.Debug|Any CPU.ActiveCfg = Debug|Any CPU
		{7A7F71BF-D1E6-4E36-9C01-4416E090F750}.Debug|Any CPU.Build.0 = Debug|Any CPU
		{7A7F71BF-D1E6-4E36-9C01-4416E090F750}.Release|Any CPU.ActiveCfg = Release|Any CPU
		{7A7F71BF-D1E6-4E36-9C01-4416E090F750}.Release|Any CPU.Build.0 = Release|Any CPU
		{0DBA2028-3340-4370-B6E2-3ABFF00D07A7}.Debug|Any CPU.ActiveCfg = Debug|Any CPU
		{0DBA2028-3340-4370-B6E2-3ABFF00D07A7}.Debug|Any CPU.Build.0 = Debug|Any CPU
		{0DBA2028-3340-4370-B6E2-3ABFF00D07A7}.Release|Any CPU.ActiveCfg = Release|Any CPU
		{0DBA2028-3340-4370-B6E2-3ABFF00D07A7}.Release|Any CPU.Build.0 = Release|Any CPU
	EndGlobalSection
	GlobalSection(SolutionProperties) = preSolution
		HideSolutionNode = FALSE
	EndGlobalSection
	GlobalSection(ExtensibilityGlobals) = postSolution
		SolutionGuid = {80F6BB4F-A0DF-445B-AB8D-81D51B6EB78E}
	EndGlobalSection
EndGlobal
