
Microsoft Visual Studio Solution File, Format Version 12.00
# Visual Studio Version 17
VisualStudioVersion = 17.0.31912.275
MinimumVisualStudioVersion = 10.0.40219.1
Project("{2150E333-8FDC-42A3-9474-1A3956D46DE8}") = "Solution Items", "Solution Items", "{E95CDFFA-F549-4CCB-9BA0-A5591068BD40}"
	ProjectSection(SolutionItems) = preProject
		.editorconfig = .editorconfig
		LICENSE.txt = LICENSE.txt
		README.md = README.md
	EndProjectSection
EndProject
Project("{9A19103F-16F7-4668-BE54-9A1E7A4F7556}") = "Pericia.Storage.Core", "Pericia.Storage.Core\Pericia.Storage.Core.csproj", "{E1DA4274-C521-40F3-A375-B5350E3E6E2C}"
EndProject
Project("{9A19103F-16F7-4668-BE54-9A1E7A4F7556}") = "Pericia.Storage.FileSystem", "Pericia.Storage.FileSystem\Pericia.Storage.FileSystem.csproj", "{64647C2F-332E-47FC-A9E1-0EFC629E274F}"
EndProject
Project("{9A19103F-16F7-4668-BE54-9A1E7A4F7556}") = "Pericia.Storage.Tests", "Pericia.Storage.Tests\Pericia.Storage.Tests.csproj", "{D76FA0A6-1DAC-4C98-A5FA-4A2BAE33B6F3}"
EndProject
Project("{9A19103F-16F7-4668-BE54-9A1E7A4F7556}") = "Pericia.Storage.OpenStack", "Pericia.Storage.OpenStack\Pericia.Storage.OpenStack.csproj", "{9602D7B8-3F05-46E5-B99B-1452D6C3B9C5}"
EndProject
Project("{9A19103F-16F7-4668-BE54-9A1E7A4F7556}") = "Pericia.Storage.InMemory", "Pericia.Storage.InMemory\Pericia.Storage.InMemory.csproj", "{0DBA2028-3340-4370-B6E2-3ABFF00D07A7}"
EndProject
Project("{9A19103F-16F7-4668-BE54-9A1E7A4F7556}") = "Pericia.Storage.AzureBlobs", "Pericia.Storage.AzureBlobs\Pericia.Storage.AzureBlobs.csproj", "{C790DFF7-DD25-473E-9A04-56FE33F887DA}"
EndProject
Project("{9A19103F-16F7-4668-BE54-9A1E7A4F7556}") = "Pericia.Storage.S3", "Pericia.Storage.S3\Pericia.Storage.S3.csproj", "{144FDBC1-3D7B-49C7-A61B-210B145FD0DC}"
EndProject
Project("{FAE04EC0-301F-11D3-BF4B-00C04F79EFBC}") = "Pericia.Storage.AspNetCore.DataProtection", "Pericia.Storage.AspNetCore.DataProtection\Pericia.Storage.AspNetCore.DataProtection.csproj", "{06819D09-80BA-45E1-BA96-1E83F8DB768D}"
EndProject
Global
	GlobalSection(SolutionConfigurationPlatforms) = preSolution
		Debug|Any CPU = Debug|Any CPU
		Release|Any CPU = Release|Any CPU
	EndGlobalSection
	GlobalSection(ProjectConfigurationPlatforms) = postSolution
		{E1DA4274-C521-40F3-A375-B5350E3E6E2C}.Debug|Any CPU.ActiveCfg = Debug|Any CPU
		{E1DA4274-C521-40F3-A375-B5350E3E6E2C}.Debug|Any CPU.Build.0 = Debug|Any CPU
		{E1DA4274-C521-40F3-A375-B5350E3E6E2C}.Release|Any CPU.ActiveCfg = Release|Any CPU
		{E1DA4274-C521-40F3-A375-B5350E3E6E2C}.Release|Any CPU.Build.0 = Release|Any CPU
		{64647C2F-332E-47FC-A9E1-0EFC629E274F}.Debug|Any CPU.ActiveCfg = Debug|Any CPU
		{64647C2F-332E-47FC-A9E1-0EFC629E274F}.Debug|Any CPU.Build.0 = Debug|Any CPU
		{64647C2F-332E-47FC-A9E1-0EFC629E274F}.Release|Any CPU.ActiveCfg = Release|Any CPU
		{64647C2F-332E-47FC-A9E1-0EFC629E274F}.Release|Any CPU.Build.0 = Release|Any CPU
		{D76FA0A6-1DAC-4C98-A5FA-4A2BAE33B6F3}.Debug|Any CPU.ActiveCfg = Debug|Any CPU
		{D76FA0A6-1DAC-4C98-A5FA-4A2BAE33B6F3}.Debug|Any CPU.Build.0 = Debug|Any CPU
		{D76FA0A6-1DAC-4C98-A5FA-4A2BAE33B6F3}.Release|Any CPU.ActiveCfg = Release|Any CPU
		{D76FA0A6-1DAC-4C98-A5FA-4A2BAE33B6F3}.Release|Any CPU.Build.0 = Release|Any CPU
		{9602D7B8-3F05-46E5-B99B-1452D6C3B9C5}.Debug|Any CPU.ActiveCfg = Debug|Any CPU
		{9602D7B8-3F05-46E5-B99B-1452D6C3B9C5}.Debug|Any CPU.Build.0 = Debug|Any CPU
		{9602D7B8-3F05-46E5-B99B-1452D6C3B9C5}.Release|Any CPU.ActiveCfg = Release|Any CPU
		{9602D7B8-3F05-46E5-B99B-1452D6C3B9C5}.Release|Any CPU.Build.0 = Release|Any CPU
		{0DBA2028-3340-4370-B6E2-3ABFF00D07A7}.Debug|Any CPU.ActiveCfg = Debug|Any CPU
		{0DBA2028-3340-4370-B6E2-3ABFF00D07A7}.Debug|Any CPU.Build.0 = Debug|Any CPU
		{0DBA2028-3340-4370-B6E2-3ABFF00D07A7}.Release|Any CPU.ActiveCfg = Release|Any CPU
		{0DBA2028-3340-4370-B6E2-3ABFF00D07A7}.Release|Any CPU.Build.0 = Release|Any CPU
		{C790DFF7-DD25-473E-9A04-56FE33F887DA}.Debug|Any CPU.ActiveCfg = Debug|Any CPU
		{C790DFF7-DD25-473E-9A04-56FE33F887DA}.Debug|Any CPU.Build.0 = Debug|Any CPU
		{C790DFF7-DD25-473E-9A04-56FE33F887DA}.Release|Any CPU.ActiveCfg = Release|Any CPU
		{C790DFF7-DD25-473E-9A04-56FE33F887DA}.Release|Any CPU.Build.0 = Release|Any CPU
		{144FDBC1-3D7B-49C7-A61B-210B145FD0DC}.Debug|Any CPU.ActiveCfg = Debug|Any CPU
		{144FDBC1-3D7B-49C7-A61B-210B145FD0DC}.Debug|Any CPU.Build.0 = Debug|Any CPU
		{144FDBC1-3D7B-49C7-A61B-210B145FD0DC}.Release|Any CPU.ActiveCfg = Release|Any CPU
		{144FDBC1-3D7B-49C7-A61B-210B145FD0DC}.Release|Any CPU.Build.0 = Release|Any CPU
		{06819D09-80BA-45E1-BA96-1E83F8DB768D}.Debug|Any CPU.ActiveCfg = Debug|Any CPU
		{06819D09-80BA-45E1-BA96-1E83F8DB768D}.Debug|Any CPU.Build.0 = Debug|Any CPU
		{06819D09-80BA-45E1-BA96-1E83F8DB768D}.Release|Any CPU.ActiveCfg = Release|Any CPU
		{06819D09-80BA-45E1-BA96-1E83F8DB768D}.Release|Any CPU.Build.0 = Release|Any CPU
	EndGlobalSection
	GlobalSection(SolutionProperties) = preSolution
		HideSolutionNode = FALSE
	EndGlobalSection
	GlobalSection(ExtensibilityGlobals) = postSolution
		SolutionGuid = {80F6BB4F-A0DF-445B-AB8D-81D51B6EB78E}
	EndGlobalSection
EndGlobal
